// !$*UTF8*$!
{
	archiveVersion = 1;
	classes = {
	};
	objectVersion = 77;
	objects = {

/* Begin PBXContainerItemProxy section */
		DEDB81732DA1CBC4003FB05C /* PBXContainerItemProxy */ = {
			isa = PBXContainerItemProxy;
			containerPortal = DEDB815D2DA1CBC3003FB05C /* Project object */;
			proxyType = 1;
			remoteGlobalIDString = DEDB81642DA1CBC3003FB05C;
			remoteInfo = TimeToday;
		};
		DEDB817D2DA1CBC4003FB05C /* PBXContainerItemProxy */ = {
			isa = PBXContainerItemProxy;
			containerPortal = DEDB815D2DA1CBC3003FB05C /* Project object */;
			proxyType = 1;
			remoteGlobalIDString = DEDB81642DA1CBC3003FB05C;
			remoteInfo = TimeToday;
		};
/* End PBXContainerItemProxy section */

/* Begin PBXFileReference section */
		DEDB81652DA1CBC3003FB05C /* TimeToday.app */ = {isa = PBXFileReference; explicitFileType = wrapper.application; includeInIndex = 0; path = TimeToday.app; sourceTree = BUILT_PRODUCTS_DIR; };
		DEDB81722DA1CBC4003FB05C /* TimeTodayTests.xctest */ = {isa = PBXFileReference; explicitFileType = wrapper.cfbundle; includeInIndex = 0; path = TimeTodayTests.xctest; sourceTree = BUILT_PRODUCTS_DIR; };
		DEDB817C2DA1CBC4003FB05C /* TimeTodayUITests.xctest */ = {isa = PBXFileReference; explicitFileType = wrapper.cfbundle; includeInIndex = 0; path = TimeTodayUITests.xctest; sourceTree = BUILT_PRODUCTS_DIR; };
/* End PBXFileReference section */

/* Begin PBXFileSystemSynchronizedRootGroup section */
		DEDB81672DA1CBC3003FB05C /* TimeToday */ = {
			isa = PBXFileSystemSynchronizedRootGroup;
			path = TimeToday;
			sourceTree = "<group>";
		};
		DEDB81752DA1CBC4003FB05C /* TimeTodayTests */ = {
			isa = PBXFileSystemSynchronizedRootGroup;
			path = TimeTodayTests;
			sourceTree = "<group>";
		};
		DEDB817F2DA1CBC4003FB05C /* TimeTodayUITests */ = {
			isa = PBXFileSystemSynchronizedRootGroup;
			path = TimeTodayUITests;
			sourceTree = "<group>";
		};
/* End PBXFileSystemSynchronizedRootGroup section */

/* Begin PBXFrameworksBuildPhase section */
		DEDB81622DA1CBC3003FB05C /* Frameworks */ = {
			isa = PBXFrameworksBuildPhase;
			buildActionMask = 2147483647;
			files = (
			);
			runOnlyForDeploymentPostprocessing = 0;
		};
		DEDB816F2DA1CBC4003FB05C /* Frameworks */ = {
			isa = PBXFrameworksBuildPhase;
			buildActionMask = 2147483647;
			files = (
			);
			runOnlyForDeploymentPostprocessing = 0;
		};
		DEDB81792DA1CBC4003FB05C /* Frameworks */ = {
			isa = PBXFrameworksBuildPhase;
			buildActionMask = 2147483647;
			files = (
			);
			runOnlyForDeploymentPostprocessing = 0;
		};
/* End PBXFrameworksBuildPhase section */

/* Begin PBXGroup section */
		DEDB815C2DA1CBC3003FB05C = {
			isa = PBXGroup;
			children = (
				DEDB81672DA1CBC3003FB05C /* TimeToday */,
				DEDB81752DA1CBC4003FB05C /* TimeTodayTests */,
				DEDB817F2DA1CBC4003FB05C /* TimeTodayUITests */,
				DEDB81662DA1CBC3003FB05C /* Products */,
			);
			sourceTree = "<group>";
		};
		DEDB81662DA1CBC3003FB05C /* Products */ = {
			isa = PBXGroup;
			children = (
				DEDB81652DA1CBC3003FB05C /* TimeToday.app */,
				DEDB81722DA1CBC4003FB05C /* TimeTodayTests.xctest */,
				DEDB817C2DA1CBC4003FB05C /* TimeTodayUITests.xctest */,
			);
			name = Products;
			sourceTree = "<group>";
		};
/* End PBXGroup section */

/* Begin PBXNativeTarget section */
		DEDB81642DA1CBC3003FB05C /* TimeToday */ = {
			isa = PBXNativeTarget;
			buildConfigurationList = DEDB81862DA1CBC4003FB05C /* Build configuration list for PBXNativeTarget "TimeToday" */;
			buildPhases = (
				DEDB81612DA1CBC3003FB05C /* Sources */,
				DEDB81622DA1CBC3003FB05C /* Frameworks */,
				DEDB81632DA1CBC3003FB05C /* Resources */,
			);
			buildRules = (
			);
			dependencies = (
			);
			fileSystemSynchronizedGroups = (
				DEDB81672DA1CBC3003FB05C /* TimeToday */,
			);
			name = TimeToday;
			packageProductDependencies = (
			);
			productName = TimeToday;
			productReference = DEDB81652DA1CBC3003FB05C /* TimeToday.app */;
			productType = "com.apple.product-type.application";
		};
		DEDB81712DA1CBC4003FB05C /* TimeTodayTests */ = {
			isa = PBXNativeTarget;
			buildConfigurationList = DEDB81892DA1CBC4003FB05C /* Build configuration list for PBXNativeTarget "TimeTodayTests" */;
			buildPhases = (
				DEDB816E2DA1CBC4003FB05C /* Sources */,
				DEDB816F2DA1CBC4003FB05C /* Frameworks */,
				DEDB81702DA1CBC4003FB05C /* Resources */,
			);
			buildRules = (
			);
			dependencies = (
				DEDB81742DA1CBC4003FB05C /* PBXTargetDependency */,
			);
			fileSystemSynchronizedGroups = (
				DEDB81752DA1CBC4003FB05C /* TimeTodayTests */,
			);
			name = TimeTodayTests;
			packageProductDependencies = (
			);
			productName = TimeTodayTests;
			productReference = DEDB81722DA1CBC4003FB05C /* TimeTodayTests.xctest */;
			productType = "com.apple.product-type.bundle.unit-test";
		};
		DEDB817B2DA1CBC4003FB05C /* TimeTodayUITests */ = {
			isa = PBXNativeTarget;
			buildConfigurationList = DEDB818C2DA1CBC4003FB05C /* Build configuration list for PBXNativeTarget "TimeTodayUITests" */;
			buildPhases = (
				DEDB81782DA1CBC4003FB05C /* Sources */,
				DEDB81792DA1CBC4003FB05C /* Frameworks */,
				DEDB817A2DA1CBC4003FB05C /* Resources */,
			);
			buildRules = (
			);
			dependencies = (
				DEDB817E2DA1CBC4003FB05C /* PBXTargetDependency */,
			);
			fileSystemSynchronizedGroups = (
				DEDB817F2DA1CBC4003FB05C /* TimeTodayUITests */,
			);
			name = TimeTodayUITests;
			packageProductDependencies = (
			);
			productName = TimeTodayUITests;
			productReference = DEDB817C2DA1CBC4003FB05C /* TimeTodayUITests.xctest */;
			productType = "com.apple.product-type.bundle.ui-testing";
		};
/* End PBXNativeTarget section */

/* Begin PBXProject section */
		DEDB815D2DA1CBC3003FB05C /* Project object */ = {
			isa = PBXProject;
			attributes = {
				BuildIndependentTargetsInParallel = 1;
				LastSwiftUpdateCheck = 1630;
				LastUpgradeCheck = 1630;
				TargetAttributes = {
					DEDB81642DA1CBC3003FB05C = {
						CreatedOnToolsVersion = 16.3;
					};
					DEDB81712DA1CBC4003FB05C = {
						CreatedOnToolsVersion = 16.3;
						TestTargetID = DEDB81642DA1CBC3003FB05C;
					};
					DEDB817B2DA1CBC4003FB05C = {
						CreatedOnToolsVersion = 16.3;
						TestTargetID = DEDB81642DA1CBC3003FB05C;
					};
				};
			};
			buildConfigurationList = DEDB81602DA1CBC3003FB05C /* Build configuration list for PBXProject "TimeToday" */;
			developmentRegion = en;
			hasScannedForEncodings = 0;
			knownRegions = (
				en,
				Base,
			);
			mainGroup = DEDB815C2DA1CBC3003FB05C;
			minimizedProjectReferenceProxies = 1;
			preferredProjectObjectVersion = 77;
			productRefGroup = DEDB81662DA1CBC3003FB05C /* Products */;
			projectDirPath = "";
			projectRoot = "";
			targets = (
				DEDB81642DA1CBC3003FB05C /* TimeToday */,
				DEDB81712DA1CBC4003FB05C /* TimeTodayTests */,
				DEDB817B2DA1CBC4003FB05C /* TimeTodayUITests */,
			);
		};
/* End PBXProject section */

/* Begin PBXResourcesBuildPhase section */
		DEDB81632DA1CBC3003FB05C /* Resources */ = {
			isa = PBXResourcesBuildPhase;
			buildActionMask = 2147483647;
			files = (
			);
			runOnlyForDeploymentPostprocessing = 0;
		};
		DEDB81702DA1CBC4003FB05C /* Resources */ = {
			isa = PBXResourcesBuildPhase;
			buildActionMask = 2147483647;
			files = (
			);
			runOnlyForDeploymentPostprocessing = 0;
		};
		DEDB817A2DA1CBC4003FB05C /* Resources */ = {
			isa = PBXResourcesBuildPhase;
			buildActionMask = 2147483647;
			files = (
			);
			runOnlyForDeploymentPostprocessing = 0;
		};
/* End PBXResourcesBuildPhase section */

/* Begin PBXSourcesBuildPhase section */
		DEDB81612DA1CBC3003FB05C /* Sources */ = {
			isa = PBXSourcesBuildPhase;
			buildActionMask = 2147483647;
			files = (
			);
			runOnlyForDeploymentPostprocessing = 0;
		};
		DEDB816E2DA1CBC4003FB05C /* Sources */ = {
			isa = PBXSourcesBuildPhase;
			buildActionMask = 2147483647;
			files = (
			);
			runOnlyForDeploymentPostprocessing = 0;
		};
		DEDB81782DA1CBC4003FB05C /* Sources */ = {
			isa = PBXSourcesBuildPhase;
			buildActionMask = 2147483647;
			files = (
			);
			runOnlyForDeploymentPostprocessing = 0;
		};
/* End PBXSourcesBuildPhase section */

/* Begin PBXTargetDependency section */
		DEDB81742DA1CBC4003FB05C /* PBXTargetDependency */ = {
			isa = PBXTargetDependency;
			target = DEDB81642DA1CBC3003FB05C /* TimeToday */;
			targetProxy = DEDB81732DA1CBC4003FB05C /* PBXContainerItemProxy */;
		};
		DEDB817E2DA1CBC4003FB05C /* PBXTargetDependency */ = {
			isa = PBXTargetDependency;
			target = DEDB81642DA1CBC3003FB05C /* TimeToday */;
			targetProxy = DEDB817D2DA1CBC4003FB05C /* PBXContainerItemProxy */;
		};
/* End PBXTargetDependency section */

/* Begin XCBuildConfiguration section */
		DEDB81842DA1CBC4003FB05C /* Debug */ = {
			isa = XCBuildConfiguration;
			buildSettings = {
				ALWAYS_SEARCH_USER_PATHS = NO;
				ASSETCATALOG_COMPILER_GENERATE_SWIFT_ASSET_SYMBOL_EXTENSIONS = YES;
				CLANG_ANALYZER_NONNULL = YES;
				CLANG_ANALYZER_NUMBER_OBJECT_CONVERSION = YES_AGGRESSIVE;
				CLANG_CXX_LANGUAGE_STANDARD = "gnu++20";
				CLANG_ENABLE_MODULES = YES;
				CLANG_ENABLE_OBJC_ARC = YES;
				CLANG_ENABLE_OBJC_WEAK = YES;
				CLANG_WARN_BLOCK_CAPTURE_AUTORELEASING = YES;
				CLANG_WARN_BOOL_CONVERSION = YES;
				CLANG_WARN_COMMA = YES;
				CLANG_WARN_CONSTANT_CONVERSION = YES;
				CLANG_WARN_DEPRECATED_OBJC_IMPLEMENTATIONS = YES;
				CLANG_WARN_DIRECT_OBJC_ISA_USAGE = YES_ERROR;
				CLANG_WARN_DOCUMENTATION_COMMENTS = YES;
				CLANG_WARN_EMPTY_BODY = YES;
				CLANG_WARN_ENUM_CONVERSION = YES;
				CLANG_WARN_INFINITE_RECURSION = YES;
				CLANG_WARN_INT_CONVERSION = YES;
				CLANG_WARN_NON_LITERAL_NULL_CONVERSION = YES;
				CLANG_WARN_OBJC_IMPLICIT_RETAIN_SELF = YES;
				CLANG_WARN_OBJC_LITERAL_CONVERSION = YES;
				CLANG_WARN_OBJC_ROOT_CLASS = YES_ERROR;
				CLANG_WARN_QUOTED_INCLUDE_IN_FRAMEWORK_HEADER = YES;
				CLANG_WARN_RANGE_LOOP_ANALYSIS = YES;
				CLANG_WARN_STRICT_PROTOTYPES = YES;
				CLANG_WARN_SUSPICIOUS_MOVE = YES;
				CLANG_WARN_UNGUARDED_AVAILABILITY = YES_AGGRESSIVE;
				CLANG_WARN_UNREACHABLE_CODE = YES;
				CLANG_WARN__DUPLICATE_METHOD_MATCH = YES;
				COPY_PHASE_STRIP = NO;
				DEBUG_INFORMATION_FORMAT = dwarf;
				ENABLE_STRICT_OBJC_MSGSEND = YES;
				ENABLE_TESTABILITY = YES;
				ENABLE_USER_SCRIPT_SANDBOXING = YES;
				GCC_C_LANGUAGE_STANDARD = gnu17;
				GCC_DYNAMIC_NO_PIC = NO;
				GCC_NO_COMMON_BLOCKS = YES;
				GCC_OPTIMIZATION_LEVEL = 0;
				GCC_PREPROCESSOR_DEFINITIONS = (
					"DEBUG=1",
					"$(inherited)",
				);
				GCC_WARN_64_TO_32_BIT_CONVERSION = YES;
				GCC_WARN_ABOUT_RETURN_TYPE = YES_ERROR;
				GCC_WARN_UNDECLARED_SELECTOR = YES;
				GCC_WARN_UNINITIALIZED_AUTOS = YES_AGGRESSIVE;
				GCC_WARN_UNUSED_FUNCTION = YES;
				GCC_WARN_UNUSED_VARIABLE = YES;
				IPHONEOS_DEPLOYMENT_TARGET = 18.4;
				LOCALIZATION_PREFERS_STRING_CATALOGS = YES;
				MTL_ENABLE_DEBUG_INFO = INCLUDE_SOURCE;
				MTL_FAST_MATH = YES;
				ONLY_ACTIVE_ARCH = YES;
				SDKROOT = iphoneos;
				SWIFT_ACTIVE_COMPILATION_CONDITIONS = "DEBUG $(inherited)";
				SWIFT_OPTIMIZATION_LEVEL = "-Onone";
			};
			name = Debug;
		};
		DEDB81852DA1CBC4003FB05C /* Release */ = {
			isa = XCBuildConfiguration;
			buildSettings = {
				ALWAYS_SEARCH_USER_PATHS = NO;
				ASSETCATALOG_COMPILER_GENERATE_SWIFT_ASSET_SYMBOL_EXTENSIONS = YES;
				CLANG_ANALYZER_NONNULL = YES;
				CLANG_ANALYZER_NUMBER_OBJECT_CONVERSION = YES_AGGRESSIVE;
				CLANG_CXX_LANGUAGE_STANDARD = "gnu++20";
				CLANG_ENABLE_MODULES = YES;
				CLANG_ENABLE_OBJC_ARC = YES;
				CLANG_ENABLE_OBJC_WEAK = YES;
				CLANG_WARN_BLOCK_CAPTURE_AUTORELEASING = YES;
				CLANG_WARN_BOOL_CONVERSION = YES;
				CLANG_WARN_COMMA = YES;
				CLANG_WARN_CONSTANT_CONVERSION = YES;
				CLANG_WARN_DEPRECATED_OBJC_IMPLEMENTATIONS = YES;
				CLANG_WARN_DIRECT_OBJC_ISA_USAGE = YES_ERROR;
				CLANG_WARN_DOCUMENTATION_COMMENTS = YES;
				CLANG_WARN_EMPTY_BODY = YES;
				CLANG_WARN_ENUM_CONVERSION = YES;
				CLANG_WARN_INFINITE_RECURSION = YES;
				CLANG_WARN_INT_CONVERSION = YES;
				CLANG_WARN_NON_LITERAL_NULL_CONVERSION = YES;
				CLANG_WARN_OBJC_IMPLICIT_RETAIN_SELF = YES;
				CLANG_WARN_OBJC_LITERAL_CONVERSION = YES;
				CLANG_WARN_OBJC_ROOT_CLASS = YES_ERROR;
				CLANG_WARN_QUOTED_INCLUDE_IN_FRAMEWORK_HEADER = YES;
				CLANG_WARN_RANGE_LOOP_ANALYSIS = YES;
				CLANG_WARN_STRICT_PROTOTYPES = YES;
				CLANG_WARN_SUSPICIOUS_MOVE = YES;
				CLANG_WARN_UNGUARDED_AVAILABILITY = YES_AGGRESSIVE;
				CLANG_WARN_UNREACHABLE_CODE = YES;
				CLANG_WARN__DUPLICATE_METHOD_MATCH = YES;
				COPY_PHASE_STRIP = NO;
				DEBUG_INFORMATION_FORMAT = "dwarf-with-dsym";
				ENABLE_NS_ASSERTIONS = NO;
				ENABLE_STRICT_OBJC_MSGSEND = YES;
				ENABLE_USER_SCRIPT_SANDBOXING = YES;
				GCC_C_LANGUAGE_STANDARD = gnu17;
				GCC_NO_COMMON_BLOCKS = YES;
				GCC_WARN_64_TO_32_BIT_CONVERSION = YES;
				GCC_WARN_ABOUT_RETURN_TYPE = YES_ERROR;
				GCC_WARN_UNDECLARED_SELECTOR = YES;
				GCC_WARN_UNINITIALIZED_AUTOS = YES_AGGRESSIVE;
				GCC_WARN_UNUSED_FUNCTION = YES;
				GCC_WARN_UNUSED_VARIABLE = YES;
				IPHONEOS_DEPLOYMENT_TARGET = 18.4;
				LOCALIZATION_PREFERS_STRING_CATALOGS = YES;
				MTL_ENABLE_DEBUG_INFO = NO;
				MTL_FAST_MATH = YES;
				SDKROOT = iphoneos;
				SWIFT_COMPILATION_MODE = wholemodule;
				VALIDATE_PRODUCT = YES;
			};
			name = Release;
		};
		DEDB81872DA1CBC4003FB05C /* Debug */ = {
			isa = XCBuildConfiguration;
			buildSettings = {
				ASSETCATALOG_COMPILER_APPICON_NAME = AppIcon;
				ASSETCATALOG_COMPILER_GLOBAL_ACCENT_COLOR_NAME = AccentColor;
				CODE_SIGN_STYLE = Automatic;
				CURRENT_PROJECT_VERSION = 1;
				ENABLE_PREVIEWS = YES;
				GENERATE_INFOPLIST_FILE = YES;
				INFOPLIST_KEY_UIApplicationSceneManifest_Generation = YES;
				INFOPLIST_KEY_UIApplicationSupportsIndirectInputEvents = YES;
				INFOPLIST_KEY_UILaunchScreen_Generation = YES;
				INFOPLIST_KEY_UISupportedInterfaceOrientations_iPad = "UIInterfaceOrientationPortrait UIInterfaceOrientationPortraitUpsideDown UIInterfaceOrientationLandscapeLeft UIInterfaceOrientationLandscapeRight";
				INFOPLIST_KEY_UISupportedInterfaceOrientations_iPhone = "UIInterfaceOrientationPortrait UIInterfaceOrientationLandscapeLeft UIInterfaceOrientationLandscapeRight";
				LD_RUNPATH_SEARCH_PATHS = (
					"$(inherited)",
					"@executable_path/Frameworks",
				);
				MARKETING_VERSION = 1.0;
				PRODUCT_BUNDLE_IDENTIFIER = com.santiagoramirez.TimeToday;
				PRODUCT_NAME = "$(TARGET_NAME)";
				SWIFT_EMIT_LOC_STRINGS = YES;
				SWIFT_VERSION = 5.0;
				TARGETED_DEVICE_FAMILY = "1,2";
			};
			name = Debug;
		};
		DEDB81882DA1CBC4003FB05C /* Release */ = {
			isa = XCBuildConfiguration;
			buildSettings = {
				ASSETCATALOG_COMPILER_APPICON_NAME = AppIcon;
				ASSETCATALOG_COMPILER_GLOBAL_ACCENT_COLOR_NAME = AccentColor;
				CODE_SIGN_STYLE = Automatic;
				CURRENT_PROJECT_VERSION = 1;
				ENABLE_PREVIEWS = YES;
				GENERATE_INFOPLIST_FILE = YES;
				INFOPLIST_KEY_UIApplicationSceneManifest_Generation = YES;
				INFOPLIST_KEY_UIApplicationSupportsIndirectInputEvents = YES;
				INFOPLIST_KEY_UILaunchScreen_Generation = YES;
				INFOPLIST_KEY_UISupportedInterfaceOrientations_iPad = "UIInterfaceOrientationPortrait UIInterfaceOrientationPortraitUpsideDown UIInterfaceOrientationLandscapeLeft UIInterfaceOrientationLandscapeRight";
				INFOPLIST_KEY_UISupportedInterfaceOrientations_iPhone = "UIInterfaceOrientationPortrait UIInterfaceOrientationLandscapeLeft UIInterfaceOrientationLandscapeRight";
				LD_RUNPATH_SEARCH_PATHS = (
					"$(inherited)",
					"@executable_path/Frameworks",
				);
				MARKETING_VERSION = 1.0;
				PRODUCT_BUNDLE_IDENTIFIER = com.santiagoramirez.TimeToday;
				PRODUCT_NAME = "$(TARGET_NAME)";
				SWIFT_EMIT_LOC_STRINGS = YES;
				SWIFT_VERSION = 5.0;
				TARGETED_DEVICE_FAMILY = "1,2";
			};
			name = Release;
		};
		DEDB818A2DA1CBC4003FB05C /* Debug */ = {
			isa = XCBuildConfiguration;
			buildSettings = {
				BUNDLE_LOADER = "$(TEST_HOST)";
				CODE_SIGN_STYLE = Automatic;
				CURRENT_PROJECT_VERSION = 1;
				GENERATE_INFOPLIST_FILE = YES;
				IPHONEOS_DEPLOYMENT_TARGET = 18.4;
				MARKETING_VERSION = 1.0;
				PRODUCT_BUNDLE_IDENTIFIER = com.santiagoramirez.TimeTodayTests;
				PRODUCT_NAME = "$(TARGET_NAME)";
				SWIFT_EMIT_LOC_STRINGS = NO;
				SWIFT_VERSION = 5.0;
				TARGETED_DEVICE_FAMILY = "1,2";
				TEST_HOST = "$(BUILT_PRODUCTS_DIR)/TimeToday.app/$(BUNDLE_EXECUTABLE_FOLDER_PATH)/TimeToday";
			};
			name = Debug;
		};
		DEDB818B2DA1CBC4003FB05C /* Release */ = {
			isa = XCBuildConfiguration;
			buildSettings = {
				BUNDLE_LOADER = "$(TEST_HOST)";
				CODE_SIGN_STYLE = Automatic;
				CURRENT_PROJECT_VERSION = 1;
				GENERATE_INFOPLIST_FILE = YES;
				IPHONEOS_DEPLOYMENT_TARGET = 18.4;
				MARKETING_VERSION = 1.0;
				PRODUCT_BUNDLE_IDENTIFIER = com.santiagoramirez.TimeTodayTests;
				PRODUCT_NAME = "$(TARGET_NAME)";
				SWIFT_EMIT_LOC_STRINGS = NO;
				SWIFT_VERSION = 5.0;
				TARGETED_DEVICE_FAMILY = "1,2";
				TEST_HOST = "$(BUILT_PRODUCTS_DIR)/TimeToday.app/$(BUNDLE_EXECUTABLE_FOLDER_PATH)/TimeToday";
			};
			name = Release;
		};
		DEDB818D2DA1CBC4003FB05C /* Debug */ = {
			isa = XCBuildConfiguration;
			buildSettings = {
				CODE_SIGN_STYLE = Automatic;
				CURRENT_PROJECT_VERSION = 1;
				GENERATE_INFOPLIST_FILE = YES;
				MARKETING_VERSION = 1.0;
				PRODUCT_BUNDLE_IDENTIFIER = com.santiagoramirez.TimeTodayUITests;
				PRODUCT_NAME = "$(TARGET_NAME)";
				SWIFT_EMIT_LOC_STRINGS = NO;
				SWIFT_VERSION = 5.0;
				TARGETED_DEVICE_FAMILY = "1,2";
				TEST_TARGET_NAME = TimeToday;
			};
			name = Debug;
		};
		DEDB818E2DA1CBC4003FB05C /* Release */ = {
			isa = XCBuildConfiguration;
			buildSettings = {
				CODE_SIGN_STYLE = Automatic;
				CURRENT_PROJECT_VERSION = 1;
				GENERATE_INFOPLIST_FILE = YES;
				MARKETING_VERSION = 1.0;
				PRODUCT_BUNDLE_IDENTIFIER = com.santiagoramirez.TimeTodayUITests;
				PRODUCT_NAME = "$(TARGET_NAME)";
				SWIFT_EMIT_LOC_STRINGS = NO;
				SWIFT_VERSION = 5.0;
				TARGETED_DEVICE_FAMILY = "1,2";
				TEST_TARGET_NAME = TimeToday;
			};
			name = Release;
		};
/* End XCBuildConfiguration section */

/* Begin XCConfigurationList section */
		DEDB81602DA1CBC3003FB05C /* Build configuration list for PBXProject "TimeToday" */ = {
			isa = XCConfigurationList;
			buildConfigurations = (
				DEDB81842DA1CBC4003FB05C /* Debug */,
				DEDB81852DA1CBC4003FB05C /* Release */,
			);
			defaultConfigurationIsVisible = 0;
			defaultConfigurationName = Release;
		};
		DEDB81862DA1CBC4003FB05C /* Build configuration list for PBXNativeTarget "TimeToday" */ = {
			isa = XCConfigurationList;
			buildConfigurations = (
				DEDB81872DA1CBC4003FB05C /* Debug */,
				DEDB81882DA1CBC4003FB05C /* Release */,
			);
			defaultConfigurationIsVisible = 0;
			defaultConfigurationName = Release;
		};
		DEDB81892DA1CBC4003FB05C /* Build configuration list for PBXNativeTarget "TimeTodayTests" */ = {
			isa = XCConfigurationList;
			buildConfigurations = (
				DEDB818A2DA1CBC4003FB05C /* Debug */,
				DEDB818B2DA1CBC4003FB05C /* Release */,
			);
			defaultConfigurationIsVisible = 0;
			defaultConfigurationName = Release;
		};
		DEDB818C2DA1CBC4003FB05C /* Build configuration list for PBXNativeTarget "TimeTodayUITests" */ = {
			isa = XCConfigurationList;
			buildConfigurations = (
				DEDB818D2DA1CBC4003FB05C /* Debug */,
				DEDB818E2DA1CBC4003FB05C /* Release */,
			);
			defaultConfigurationIsVisible = 0;
			defaultConfigurationName = Release;
		};
/* End XCConfigurationList section */
	};
	rootObject = DEDB815D2DA1CBC3003FB05C /* Project object */;
}
